
Microsoft Visual Studio Solution File, Format Version 12.00
# Visual Studio Version 18
VisualStudioVersion = 18.0.11222.15
MinimumVisualStudioVersion = 10.0.40219.1
Project("{9A19103F-16F7-4668-BE54-9A1E7A4F7556}") = "PKWat.AgentSimulation.Core", "PKWat.AgentSimulation.Core\PKWat.AgentSimulation.Core.csproj", "{8BF9D0A0-AA86-43AE-AFA3-D0BF4387440C}"
EndProject
Project("{9A19103F-16F7-4668-BE54-9A1E7A4F7556}") = "PKWat.AgentSimulation.Drawing", "PKWat.AgentSimulation.Drawing\PKWat.AgentSimulation.Drawing.csproj", "{7CC1ACE4-BF5D-4F78-A252-09CDF19AC550}"
EndProject
Project("{9A19103F-16F7-4668-BE54-9A1E7A4F7556}") = "PKWat.AgentSimulation.Math", "PKWat.AgentSimulation.Math\PKWat.AgentSimulation.Math.csproj", "{005815F0-3719-4DFA-AE9B-9201BF39CA28}"
EndProject
Project("{9A19103F-16F7-4668-BE54-9A1E7A4F7556}") = "PKWat.AgentSimulation.Extensions", "PKWat.AgentSimulation.Extensions\PKWat.AgentSimulation.Extensions.csproj", "{73AC12F1-AC35-4B08-B8A3-4C61A8E03F84}"
EndProject
Project("{FAE04EC0-301F-11D3-BF4B-00C04F79EFBC}") = "PKWat.AgentSimulation.ExamplesVisualizer", "PKWat.AgentSimulation.ExamplesVisualizer\PKWat.AgentSimulation.ExamplesVisualizer.csproj", "{96367B18-6C6A-4AB5-BC8E-40C3BF3EE051}"
EndProject
Project("{FAE04EC0-301F-11D3-BF4B-00C04F79EFBC}") = "PKWat.AgentSimulation.Benchmark", "PKWat.AgentSimulation.Benchmark\PKWat.AgentSimulation.Benchmark.csproj", "{400746DE-F24A-4E58-801B-B684711F5F0C}"
EndProject
Project("{FAE04EC0-301F-11D3-BF4B-00C04F79EFBC}") = "PKWat.AgentSimulation.Tests", "PKWat.AgentSimulation.Tests\PKWat.AgentSimulation.Tests.csproj", "{230976A0-C242-4197-9AFB-5C2A020EDD41}"
EndProject
Project("{FAE04EC0-301F-11D3-BF4B-00C04F79EFBC}") = "PKWat.AgentSimulation.Examples", "PKWat.AgentSimulation.Examples\PKWat.AgentSimulation.Examples.csproj", "{DCA49447-D50C-496A-B9F8-29BCA4FB7196}"
EndProject
Project("{2150E333-8FDC-42A3-9474-1A3956D46DE8}") = "Optimizations", "Optimizations", "{AFF1581E-DF19-4DB6-9FD4-AC2C94F32B7B}"
EndProject
Project("{FAE04EC0-301F-11D3-BF4B-00C04F79EFBC}") = "PKWat.AgentSimulation.Genetic.SeparateAgents", "Optimizations\PKWat.AgentSimulation.Genetic.SeparateAgents\PKWat.AgentSimulation.Genetic.SeparateAgents.csproj", "{AE2DA052-DFA6-4B75-BA75-E2DC7E4F4E82}"
EndProject
Project("{FAE04EC0-301F-11D3-BF4B-00C04F79EFBC}") = "PKWat.AgentSimulation.Genetics.PolynomialAproximation", "Optimizations\PKWat.AgentSimulation.Genetics.PolynomialAproximation\PKWat.AgentSimulation.Genetics.PolynomialAproximation.csproj", "{554C9009-EF4E-4AFB-B57C-0CA692AB81E1}"
EndProject
Project("{FAE04EC0-301F-11D3-BF4B-00C04F79EFBC}") = "PKWat.AgentSimulation.Math.Benchmark", "PKWat.AgentSimulation.Math.Benchmark\PKWat.AgentSimulation.Math.Benchmark.csproj", "{B20EF5F2-290D-4876-9DBB-C9B0460E97E9}"
EndProject
Global
	GlobalSection(SolutionConfigurationPlatforms) = preSolution
		Debug|Any CPU = Debug|Any CPU
		Release|Any CPU = Release|Any CPU
	EndGlobalSection
	GlobalSection(ProjectConfigurationPlatforms) = postSolution
		{8BF9D0A0-AA86-43AE-AFA3-D0BF4387440C}.Debug|Any CPU.ActiveCfg = Debug|Any CPU
		{8BF9D0A0-AA86-43AE-AFA3-D0BF4387440C}.Debug|Any CPU.Build.0 = Debug|Any CPU
		{8BF9D0A0-AA86-43AE-AFA3-D0BF4387440C}.Release|Any CPU.ActiveCfg = Release|Any CPU
		{8BF9D0A0-AA86-43AE-AFA3-D0BF4387440C}.Release|Any CPU.Build.0 = Release|Any CPU
		{7CC1ACE4-BF5D-4F78-A252-09CDF19AC550}.Debug|Any CPU.ActiveCfg = Debug|Any CPU
		{7CC1ACE4-BF5D-4F78-A252-09CDF19AC550}.Debug|Any CPU.Build.0 = Debug|Any CPU
		{7CC1ACE4-BF5D-4F78-A252-09CDF19AC550}.Release|Any CPU.ActiveCfg = Release|Any CPU
		{7CC1ACE4-BF5D-4F78-A252-09CDF19AC550}.Release|Any CPU.Build.0 = Release|Any CPU
		{005815F0-3719-4DFA-AE9B-9201BF39CA28}.Debug|Any CPU.ActiveCfg = Debug|Any CPU
		{005815F0-3719-4DFA-AE9B-9201BF39CA28}.Debug|Any CPU.Build.0 = Debug|Any CPU
		{005815F0-3719-4DFA-AE9B-9201BF39CA28}.Release|Any CPU.ActiveCfg = Release|Any CPU
		{005815F0-3719-4DFA-AE9B-9201BF39CA28}.Release|Any CPU.Build.0 = Release|Any CPU
		{73AC12F1-AC35-4B08-B8A3-4C61A8E03F84}.Debug|Any CPU.ActiveCfg = Debug|Any CPU
		{73AC12F1-AC35-4B08-B8A3-4C61A8E03F84}.Debug|Any CPU.Build.0 = Debug|Any CPU
		{73AC12F1-AC35-4B08-B8A3-4C61A8E03F84}.Release|Any CPU.ActiveCfg = Release|Any CPU
		{73AC12F1-AC35-4B08-B8A3-4C61A8E03F84}.Release|Any CPU.Build.0 = Release|Any CPU
		{96367B18-6C6A-4AB5-BC8E-40C3BF3EE051}.Debug|Any CPU.ActiveCfg = Debug|Any CPU
		{96367B18-6C6A-4AB5-BC8E-40C3BF3EE051}.Debug|Any CPU.Build.0 = Debug|Any CPU
		{96367B18-6C6A-4AB5-BC8E-40C3BF3EE051}.Release|Any CPU.ActiveCfg = Release|Any CPU
		{96367B18-6C6A-4AB5-BC8E-40C3BF3EE051}.Release|Any CPU.Build.0 = Release|Any CPU
		{400746DE-F24A-4E58-801B-B684711F5F0C}.Debug|Any CPU.ActiveCfg = Debug|Any CPU
		{400746DE-F24A-4E58-801B-B684711F5F0C}.Debug|Any CPU.Build.0 = Debug|Any CPU
		{400746DE-F24A-4E58-801B-B684711F5F0C}.Release|Any CPU.ActiveCfg = Release|Any CPU
		{400746DE-F24A-4E58-801B-B684711F5F0C}.Release|Any CPU.Build.0 = Release|Any CPU
		{230976A0-C242-4197-9AFB-5C2A020EDD41}.Debug|Any CPU.ActiveCfg = Debug|Any CPU
		{230976A0-C242-4197-9AFB-5C2A020EDD41}.Debug|Any CPU.Build.0 = Debug|Any CPU
		{230976A0-C242-4197-9AFB-5C2A020EDD41}.Release|Any CPU.ActiveCfg = Release|Any CPU
		{230976A0-C242-4197-9AFB-5C2A020EDD41}.Release|Any CPU.Build.0 = Release|Any CPU
		{DCA49447-D50C-496A-B9F8-29BCA4FB7196}.Debug|Any CPU.ActiveCfg = Debug|Any CPU
		{DCA49447-D50C-496A-B9F8-29BCA4FB7196}.Debug|Any CPU.Build.0 = Debug|Any CPU
		{DCA49447-D50C-496A-B9F8-29BCA4FB7196}.Release|Any CPU.ActiveCfg = Release|Any CPU
		{DCA49447-D50C-496A-B9F8-29BCA4FB7196}.Release|Any CPU.Build.0 = Release|Any CPU
		{AE2DA052-DFA6-4B75-BA75-E2DC7E4F4E82}.Debug|Any CPU.ActiveCfg = Debug|Any CPU
		{AE2DA052-DFA6-4B75-BA75-E2DC7E4F4E82}.Debug|Any CPU.Build.0 = Debug|Any CPU
		{AE2DA052-DFA6-4B75-BA75-E2DC7E4F4E82}.Release|Any CPU.ActiveCfg = Release|Any CPU
		{AE2DA052-DFA6-4B75-BA75-E2DC7E4F4E82}.Release|Any CPU.Build.0 = Release|Any CPU
		{554C9009-EF4E-4AFB-B57C-0CA692AB81E1}.Debug|Any CPU.ActiveCfg = Debug|Any CPU
		{554C9009-EF4E-4AFB-B57C-0CA692AB81E1}.Debug|Any CPU.Build.0 = Debug|Any CPU
		{554C9009-EF4E-4AFB-B57C-0CA692AB81E1}.Release|Any CPU.ActiveCfg = Release|Any CPU
		{554C9009-EF4E-4AFB-B57C-0CA692AB81E1}.Release|Any CPU.Build.0 = Release|Any CPU
		{B20EF5F2-290D-4876-9DBB-C9B0460E97E9}.Debug|Any CPU.ActiveCfg = Debug|Any CPU
		{B20EF5F2-290D-4876-9DBB-C9B0460E97E9}.Debug|Any CPU.Build.0 = Debug|Any CPU
		{B20EF5F2-290D-4876-9DBB-C9B0460E97E9}.Release|Any CPU.ActiveCfg = Release|Any CPU
		{B20EF5F2-290D-4876-9DBB-C9B0460E97E9}.Release|Any CPU.Build.0 = Release|Any CPU
	EndGlobalSection
	GlobalSection(SolutionProperties) = preSolution
		HideSolutionNode = FALSE
	EndGlobalSection
	GlobalSection(NestedProjects) = preSolution
		{AE2DA052-DFA6-4B75-BA75-E2DC7E4F4E82} = {AFF1581E-DF19-4DB6-9FD4-AC2C94F32B7B}
		{554C9009-EF4E-4AFB-B57C-0CA692AB81E1} = {AFF1581E-DF19-4DB6-9FD4-AC2C94F32B7B}
	EndGlobalSection
	GlobalSection(ExtensibilityGlobals) = postSolution
		SolutionGuid = {CADF5998-4CDB-4A6B-B457-52B27C507580}
	EndGlobalSection
EndGlobal
