
Microsoft Visual Studio Solution File, Format Version 12.00
# Visual Studio Version 17
VisualStudioVersion = 17.9.34616.47
MinimumVisualStudioVersion = 10.0.40219.1
Project("{9A19103F-16F7-4668-BE54-9A1E7A4F7556}") = "PKWat.AgentSimulation.Core", "PKWat.AgentSimulation.Core\PKWat.AgentSimulation.Core.csproj", "{8BF9D0A0-AA86-43AE-AFA3-D0BF4387440C}"
EndProject
Project("{9A19103F-16F7-4668-BE54-9A1E7A4F7556}") = "PKWat.AgentSimulation.Drawing", "PKWat.AgentSimulation.Drawing\PKWat.AgentSimulation.Drawing.csproj", "{7CC1ACE4-BF5D-4F78-A252-09CDF19AC550}"
EndProject
Project("{9A19103F-16F7-4668-BE54-9A1E7A4F7556}") = "PKWat.AgentSimulation.Math", "PKWat.AgentSimulation.Math\PKWat.AgentSimulation.Math.csproj", "{005815F0-3719-4DFA-AE9B-9201BF39CA28}"
EndProject
Project("{9A19103F-16F7-4668-BE54-9A1E7A4F7556}") = "PKWat.AgentSimulation.Extensions", "PKWat.AgentSimulation.Extensions\PKWat.AgentSimulation.Extensions.csproj", "{73AC12F1-AC35-4B08-B8A3-4C61A8E03F84}"
EndProject
Project("{FAE04EC0-301F-11D3-BF4B-00C04F79EFBC}") = "PKWat.AgentSimulation.ExamplesVisualizer", "PKWat.AgentSimulation.ExamplesVisualizer\PKWat.AgentSimulation.ExamplesVisualizer.csproj", "{96367B18-6C6A-4AB5-BC8E-40C3BF3EE051}"
EndProject
Project("{FAE04EC0-301F-11D3-BF4B-00C04F79EFBC}") = "PKWat.AgentSimulation.Benchmark", "PKWat.AgentSimulation.Benchmark\PKWat.AgentSimulation.Benchmark.csproj", "{400746DE-F24A-4E58-801B-B684711F5F0C}"
EndProject
Project("{FAE04EC0-301F-11D3-BF4B-00C04F79EFBC}") = "PKWat.AgentSimulation.Tests", "PKWat.AgentSimulation.Tests\PKWat.AgentSimulation.Tests.csproj", "{230976A0-C242-4197-9AFB-5C2A020EDD41}"
EndProject
Global
	GlobalSection(SolutionConfigurationPlatforms) = preSolution
		Debug|Any CPU = Debug|Any CPU
		Release|Any CPU = Release|Any CPU
	EndGlobalSection
	GlobalSection(ProjectConfigurationPlatforms) = postSolution
		{8BF9D0A0-AA86-43AE-AFA3-D0BF4387440C}.Debug|Any CPU.ActiveCfg = Debug|Any CPU
		{8BF9D0A0-AA86-43AE-AFA3-D0BF4387440C}.Debug|Any CPU.Build.0 = Debug|Any CPU
		{8BF9D0A0-AA86-43AE-AFA3-D0BF4387440C}.Release|Any CPU.ActiveCfg = Release|Any CPU
		{8BF9D0A0-AA86-43AE-AFA3-D0BF4387440C}.Release|Any CPU.Build.0 = Release|Any CPU
		{7CC1ACE4-BF5D-4F78-A252-09CDF19AC550}.Debug|Any CPU.ActiveCfg = Debug|Any CPU
		{7CC1ACE4-BF5D-4F78-A252-09CDF19AC550}.Debug|Any CPU.Build.0 = Debug|Any CPU
		{7CC1ACE4-BF5D-4F78-A252-09CDF19AC550}.Release|Any CPU.ActiveCfg = Release|Any CPU
		{7CC1ACE4-BF5D-4F78-A252-09CDF19AC550}.Release|Any CPU.Build.0 = Release|Any CPU
		{005815F0-3719-4DFA-AE9B-9201BF39CA28}.Debug|Any CPU.ActiveCfg = Debug|Any CPU
		{005815F0-3719-4DFA-AE9B-9201BF39CA28}.Debug|Any CPU.Build.0 = Debug|Any CPU
		{005815F0-3719-4DFA-AE9B-9201BF39CA28}.Release|Any CPU.ActiveCfg = Release|Any CPU
		{005815F0-3719-4DFA-AE9B-9201BF39CA28}.Release|Any CPU.Build.0 = Release|Any CPU
		{73AC12F1-AC35-4B08-B8A3-4C61A8E03F84}.Debug|Any CPU.ActiveCfg = Debug|Any CPU
		{73AC12F1-AC35-4B08-B8A3-4C61A8E03F84}.Debug|Any CPU.Build.0 = Debug|Any CPU
		{73AC12F1-AC35-4B08-B8A3-4C61A8E03F84}.Release|Any CPU.ActiveCfg = Release|Any CPU
		{73AC12F1-AC35-4B08-B8A3-4C61A8E03F84}.Release|Any CPU.Build.0 = Release|Any CPU
		{96367B18-6C6A-4AB5-BC8E-40C3BF3EE051}.Debug|Any CPU.ActiveCfg = Debug|Any CPU
		{96367B18-6C6A-4AB5-BC8E-40C3BF3EE051}.Debug|Any CPU.Build.0 = Debug|Any CPU
		{96367B18-6C6A-4AB5-BC8E-40C3BF3EE051}.Release|Any CPU.ActiveCfg = Release|Any CPU
		{96367B18-6C6A-4AB5-BC8E-40C3BF3EE051}.Release|Any CPU.Build.0 = Release|Any CPU
		{400746DE-F24A-4E58-801B-B684711F5F0C}.Debug|Any CPU.ActiveCfg = Debug|Any CPU
		{400746DE-F24A-4E58-801B-B684711F5F0C}.Debug|Any CPU.Build.0 = Debug|Any CPU
		{400746DE-F24A-4E58-801B-B684711F5F0C}.Release|Any CPU.ActiveCfg = Release|Any CPU
		{400746DE-F24A-4E58-801B-B684711F5F0C}.Release|Any CPU.Build.0 = Release|Any CPU
		{230976A0-C242-4197-9AFB-5C2A020EDD41}.Debug|Any CPU.ActiveCfg = Debug|Any CPU
		{230976A0-C242-4197-9AFB-5C2A020EDD41}.Debug|Any CPU.Build.0 = Debug|Any CPU
		{230976A0-C242-4197-9AFB-5C2A020EDD41}.Release|Any CPU.ActiveCfg = Release|Any CPU
		{230976A0-C242-4197-9AFB-5C2A020EDD41}.Release|Any CPU.Build.0 = Release|Any CPU
	EndGlobalSection
	GlobalSection(SolutionProperties) = preSolution
		HideSolutionNode = FALSE
	EndGlobalSection
	GlobalSection(ExtensibilityGlobals) = postSolution
		SolutionGuid = {CADF5998-4CDB-4A6B-B457-52B27C507580}
	EndGlobalSection
EndGlobal
